version = 1
revision = 3
requires-python = "==3.12.*"

[[package]]
name = "absl-py"
version = "2.5.0"
source = { registry = "https://pypi.org/simple" }
sdist = { url = "https://files.pythonhosted.org/packages/d0/4f/d79676ab82f2e42fc3611618139f13a9c4c31d0cff4b486982047679a802/absl_py-2.5.0.tar.gz", hash = "sha256:0c996f25c0490700fadabe6351630f6111534fa0ae252cc6d2014ea3b141135f", size = 118119, upload-time = "2026-07-03T10:57:48.157Z" }
wheels = [
    { url = "https://files.pythonhosted.org/packages/58/0a/a10b45aab35b175aded078a462dc8d0c698f5b13946e7cb0869097b78bb6/absl_py-2.5.0-py3-none-any.whl", hash = "sha256:0f17b89f2a4eaaedc4f28c622998aa690564b3012a396a4ffad0821007fe03ba", size = 137410, upload-time = "2026-07-03T10:57:46.735Z" },
]

[[package]]
name = "attrs"
version = "26.1.0"
source = { registry = "https://pypi.org/simple" }
sdist = { url = "https://files.pythonhosted.org/packages/9a/8e/82a0fe20a541c03148528be8cac2408564a6c9a0cc7e9171802bc1d26985/attrs-26.1.0.tar.gz", hash = "sha256:d03ceb89cb322a8fd706d4fb91940737b6642aa36998fe130a9bc96c985eff32", size = 952055, upload-time = "2026-03-19T14:22:25.026Z" }
wheels = [
    { url = "https://files.pythonhosted.org/packages/64/b4/17d4b0b2a2dc85a6df63d1157e028ed19f90d4cd97c36717afef2bc2f395/attrs-26.1.0-py3-none-any.whl", hash = "sha256:c647aa4a12dfbad9333ca4e71fe62ddc36f4e63b2d260a37a8b83d2f043ac309", size = 67548, upload-time = "2026-03-19T14:22:23.645Z" },
]

[[package]]
name = "cct-ase"
version = "0.1.0"
source = { editable = "." }
dependencies = [
    { name = "jax" },
    { name = "numpy" },
    { name = "optax" },
]

[package.optional-dependencies]
dev = [
    { name = "jsonschema" },
    { name = "maturin" },
    { name = "pytest" },
    { name = "pytest-cov" },
]

[package.metadata]
requires-dist = [
    { name = "jax", extras = ["cpu"], specifier = ">=0.11,<0.12" },
    { name = "jsonschema", marker = "extra == 'dev'", specifier = ">=4,<5" },
    { name = "maturin", marker = "extra == 'dev'", specifier = ">=1.7,<2.0" },
    { name = "numpy", specifier = ">=2.0,<3.0" },
    { name = "optax", specifier = ">=0.2,<0.3" },
    { name = "pytest", marker = "extra == 'dev'", specifier = ">=8,<10" },
    { name = "pytest-cov", marker = "extra == 'dev'", specifier = ">=5,<7" },
]
provides-extras = ["dev"]

[[package]]
name = "colorama"
version = "0.4.6"
source = { registry = "https://pypi.org/simple" }
sdist = { url = "https://files.pythonhosted.org/packages/d8/53/6f443c9a4a8358a93a6792e2acffb9d9d5cb0a5cfd8802644b7b1c9a02e4/colorama-0.4.6.tar.gz", hash = "sha256:08695f5cb7ed6e0531a20572697297273c47b8cae5a63ffc6d6ed5c201be6e44", size = 27697, upload-time = "2022-10-25T02:36:22.414Z" }
wheels = [
    { url = "https://files.pythonhosted.org/packages/d1/d6/3965ed04c63042e047cb6a3e6ed1a63a35087b6a609aa3a15ed8ac56c221/colorama-0.4.6-py2.py3-none-any.whl", hash = "sha256:4f1d9991f5acc0ca119f9d443620b77f9d6b33703e51011c16baf57afb285fc6", size = 25335, upload-time = "2022-10-25T02:36:20.889Z" },
]

[[package]]
name = "coverage"
version = "7.15.4"
source = { registry = "https://pypi.org/simple" }
sdist = { url = "https://files.pythonhosted.org/packages/be/c3/4f2195f512fb172aa425a8803a874b2baa9ba7f80ff7b6080998761fc701/coverage-7.15.4.tar.gz", hash = "sha256:0548198fff07ccf4faf469520bce1c2eceb1ce3e62891921138dec10907f9d00", size = 936952, upload-time = "2026-08-06T13:50:24.442Z" }
wheels = [
    { url = "https://files.pythonhosted.org/packages/1d/48/bc8d4ba7b37551a767bd863f15b3f80182b271c2f55975356f5f7dbe94c2/coverage-7.15.4-cp312-cp312-macosx_10_13_x86_64.whl", hash = "sha256:d4fedd1f7f428f9fe83b1ead5e7cc87a43427be31aadafbac3ac0636dc7abb22", size = 222543, upload-time = "2026-08-06T13:47:37.562Z" },
    { url = "https://files.pythonhosted.org/packages/20/dd/88d6f83f1fffc974a3691a34a97951c5b12df7512a6782c5963883cbc058/coverage-7.15.4-cp312-cp312-macosx_11_0_arm64.whl", hash = "sha256:37e2f0cdf58e2e1fed4e4d5a8f8786ae2f7eb80b478016876667dc4a01d60a97", size = 222905, upload-time = "2026-08-06T13:47:38.927Z" },
    { url = "https://files.pythonhosted.org/packages/bd/5c/54ee0d4748585bb0acab9891cd8d92f2d3593165b4e59fc9de113bfb3140/coverage-7.15.4-cp312-cp312-manylinux1_i686.manylinux_2_28_i686.manylinux_2_5_i686.whl", hash = "sha256:fb55d0e70bb15f2e81477613627286581414693d74ac7963c93a790dd453ca9d", size = 254407, upload-time = "2026-08-06T13:47:40.488Z" },
    { url = "https://files.pythonhosted.org/packages/8c/3f/f0642a372f494bd0d7dad3b497083b910194a5f1c88be2c94fef707c3b59/coverage-7.15.4-cp312-cp312-manylinux1_x86_64.manylinux_2_28_x86_64.manylinux_2_5_x86_64.whl", hash = "sha256:899b9da30f3c6c336566e3707495bb23e8302d39d862f01fa78c48b99b9437e2", size = 257145, upload-time = "2026-08-06T13:47:41.931Z" },
    { url = "https://files.pythonhosted.org/packages/71/17/8b46d0ed68251016002ec972c8fc0119961a765d0984cafb8bf317c43758/coverage-7.15.4-cp312-cp312-manylinux2014_aarch64.manylinux_2_17_aarch64.manylinux_2_28_aarch64.whl", hash = "sha256:d15715e8c46552827e5e4f30a35575a2dbcad14454cf3284c54483946bd16931", size = 258257, upload-time = "2026-08-06T13:47:43.527Z" },
    { url = "https://files.pythonhosted.org/packages/30/b8/8498a0e72d0adbe15477dd07463d2b3bb2c9f6a4815e8589e50939e2c3ae/coverage-7.15.4-cp312-cp312-manylinux2014_ppc64le.manylinux_2_17_ppc64le.manylinux_2_28_ppc64le.whl", hash = "sha256:002a438859f7b430bc99afeaf01a6d187dad1d0dc907b64cdeffc632a5db8fd8", size = 260517, upload-time = "2026-08-06T13:47:45.121Z" },
    { url = "https://files.pythonhosted.org/packages/41/e1/7dce19c3bdb1e3dd63e769508216500edad81bd5f69a26d724e32aceaf78/coverage-7.15.4-cp312-cp312-manylinux_2_31_riscv64.manylinux_2_39_riscv64.whl", hash = "sha256:e4193a04b518f7968f3099755f5509ee7cccc6dc2b92a6b14841934d22e222c9", size = 254785, upload-time = "2026-08-06T13:47:46.541Z" },
    { url = "https://files.pythonhosted.org/packages/dd/b1/e1494703c675a2561723cd9b89f45c9168782c31280c611b1f767851e57c/coverage-7.15.4-cp312-cp312-musllinux_1_2_aarch64.whl", hash = "sha256:e98dcc55d572b38e69d117da7e8e8efb8500f1f5eaf81ecd460a63220790b839", size = 256176, upload-time = "2026-08-06T13:47:48.155Z" },
    { url = "https://files.pythonhosted.org/packages/73/76/a5629d270fb638a43a4b10466f51e2f49d532c1aa4da2913cbbb150bbe0a/coverage-7.15.4-cp312-cp312-musllinux_1_2_i686.whl", hash = "sha256:af6c538498ce66c10d3fd541c2a8d5b03da5850355add34e6cba564210cb9e72", size = 254321, upload-time = "2026-08-06T13:47:49.757Z" },
    { url = "https://files.pythonhosted.org/packages/ff/4f/9c44447218435d5766b911534f9d798144a5560f85e9a54ebe5f3f5d19f9/coverage-7.15.4-cp312-cp312-musllinux_1_2_ppc64le.whl", hash = "sha256:1d10025d96ea89fc2f73714dbc4cbd433fe012c1ac9e23f895d7728b238b6e52", size = 258390, upload-time = "2026-08-06T13:47:51.248Z" },
    { url = "https://files.pythonhosted.org/packages/de/36/c1e127616fb3fa18a9ff71e76c417f2fd7424332a4870015ac224ef4c039/coverage-7.15.4-cp312-cp312-musllinux_1_2_riscv64.whl", hash = "sha256:d802e1947603162ded419bff83ac7489820355d2b856dfb09206574e3a37ac0c", size = 253894, upload-time = "2026-08-06T13:47:52.816Z" },
    { url = "https://files.pythonhosted.org/packages/e9/b9/fdb92c8ae7a8bb9b850cc253b7b3b9c8526f68130002048b5671cd510d09/coverage-7.15.4-cp312-cp312-musllinux_1_2_x86_64.whl", hash = "sha256:c2de40895718f91951b86712b4c5b694acaf9a0a49be13874896f599a1eed3f4", size = 255763, upload-time = "2026-08-06T13:47:54.296Z" },
    { url = "https://files.pythonhosted.org/packages/6f/c0/a7d51b2587c7bdb76e71b0896d2565bf7d60436b5122fc83e511adb1f7cd/coverage-7.15.4-cp312-cp312-win32.whl", hash = "sha256:5c3431b2161279b7db5c2a1aa58ae02e5cb8c3c42d93a5094be3f5537bd5b11b", size = 224597, upload-time = "2026-08-06T13:47:56.074Z" },
    { url = "https://files.pythonhosted.org/packages/49/b9/5c5f80cc55f5acaaca6dee677626bfcec8c87204a7809b438b08e84f4571/coverage-7.15.4-cp312-cp312-win_amd64.whl", hash = "sha256:6befeab5fb2b51c958ca4ac6c5d141a1e8240f4f76e46350f1911963deda49cd", size = 225135, upload-time = "2026-08-06T13:47:57.52Z" },
    { url = "https://files.pythonhosted.org/packages/47/e4/2a4561f89ff6bf7c925c287d0f2cce8bdf139c3a33735c87e3203401cf94/coverage-7.15.4-cp312-cp312-win_arm64.whl", hash = "sha256:67bc345491ab55b837277d76f5775d057e8c7f1ac44d890d8c2c82adde258c6f", size = 224515, upload-time = "2026-08-06T13:47:58.977Z" },
    { url = "https://files.pythonhosted.org/packages/b4/d9/e70c286c979378f061d8266e279b686ab0b0b688e1fe0af864684f23a77d/coverage-7.15.4-py3-none-any.whl", hash = "sha256:964730a1e9de9c0cf11be6a1a3c79ce419c34882842abd256086ba4698705e84", size = 214332, upload-time = "2026-08-06T13:50:22.192Z" },
]

[[package]]
name = "iniconfig"
version = "2.3.0"
source = { registry = "https://pypi.org/simple" }
sdist = { url = "https://files.pythonhosted.org/packages/72/34/14ca021ce8e5dfedc35312d08ba8bf51fdd999c576889fc2c24cb97f4f10/iniconfig-2.3.0.tar.gz", hash = "sha256:c76315c77db068650d49c5b56314774a7804df16fee4402c1f19d6d15d8c4730", size = 20503, upload-time = "2025-10-18T21:55:43.219Z" }
wheels = [
    { url = "https://files.pythonhosted.org/packages/cb/b1/3846dd7f199d53cb17f49cba7e651e9ce294d8497c8c150530ed11865bb8/iniconfig-2.3.0-py3-none-any.whl", hash = "sha256:f631c04d2c48c52b84d0d0549c99ff3859c98df65b3101406327ecc7d53fbf12", size = 7484, upload-time = "2025-10-18T21:55:41.639Z" },
]

[[package]]
name = "jax"
version = "0.11.0"
source = { registry = "https://pypi.org/simple" }
dependencies = [
    { name = "jaxlib" },
    { name = "ml-dtypes" },
    { name = "numpy" },
    { name = "opt-einsum" },
    { name = "scipy" },
]
sdist = { url = "https://files.pythonhosted.org/packages/81/20/90a137c178de8f2b9170bd4dfb934e261213fdaac67e5c5183b132be85e7/jax-0.11.0.tar.gz", hash = "sha256:a2feb7cfa48bb35d36b8ecec16a4ec24044dec01935f779b28b017213697b195", size = 2813185, upload-time = "2026-07-16T19:00:14.519Z" }
wheels = [
    { url = "https://files.pythonhosted.org/packages/d4/5a/26a1305f8978bc41f889a4172198c7d8976e8e394fc4d03597d9edfd6b7e/jax-0.11.0-py3-none-any.whl", hash = "sha256:b31ed66c4321d5c9e48b861f51a72ed5f7960c93514296202d2041cbb9ac45bf", size = 3255281, upload-time = "2026-07-16T18:58:25.02Z" },
]

[[package]]
name = "jaxlib"
version = "0.11.0"
source = { registry = "https://pypi.org/simple" }
dependencies = [
    { name = "ml-dtypes" },
    { name = "numpy" },
    { name = "scipy" },
]
wheels = [
    { url = "https://files.pythonhosted.org/packages/04/13/629fd9f50e15424358b7c53b6ec729e2d7163d64942817bee9adeee04ed1/jaxlib-0.11.0-cp312-cp312-macosx_11_0_arm64.whl", hash = "sha256:f5bf0b3bfc2ef4778580047389dacb51ae000e50c6b3b6f98d10788927066c97", size = 62546563, upload-time = "2026-07-16T18:59:16.788Z" },
    { url = "https://files.pythonhosted.org/packages/8e/1d/a85feebcfc6fa702bcaadd74f3c13283e1613f7598de5ca69bdbaf4c2671/jaxlib-0.11.0-cp312-cp312-manylinux_2_27_aarch64.whl", hash = "sha256:1b767c4d7ad4dfc6358313b63ae6d83c3571d3ce966de04d8aaf29eb44633786", size = 82155667, upload-time = "2026-07-16T18:59:20.477Z" },
    { url = "https://files.pythonhosted.org/packages/86/f0/89c34a4877628edea6585699e42f7d3ed4c1e50140ade9c6efce85a0ab84/jaxlib-0.11.0-cp312-cp312-manylinux_2_27_x86_64.whl", hash = "sha256:7ea9dc06d94f536deabcf304513143bc89f51173ddfd786d44f8ac303efdf643", size = 87263507, upload-time = "2026-07-16T18:59:24.258Z" },
    { url = "https://files.pythonhosted.org/packages/59/6b/e6caeaff6bd1537becbbcde8985fd65a71374e33f9e8c1aa3371bd16c349/jaxlib-0.11.0-cp312-cp312-win_amd64.whl", hash = "sha256:166ca16586a8aeb23f9c5e322845f3789037ed294f0a1539404a50f7c5fb13cf", size = 67743601, upload-time = "2026-07-16T18:59:27.981Z" },
]

[[package]]
name = "jsonschema"
version = "4.26.0"
source = { registry = "https://pypi.org/simple" }
dependencies = [
    { name = "attrs" },
    { name = "jsonschema-specifications" },
    { name = "referencing" },
    { name = "rpds-py" },
]
sdist = { url = "https://files.pythonhosted.org/packages/b3/fc/e067678238fa451312d4c62bf6e6cf5ec56375422aee02f9cb5f909b3047/jsonschema-4.26.0.tar.gz", hash = "sha256:0c26707e2efad8aa1bfc5b7ce170f3fccc2e4918ff85989ba9ffa9facb2be326", size = 366583, upload-time = "2026-01-07T13:41:07.246Z" }
wheels = [
    { url = "https://files.pythonhosted.org/packages/69/90/f63fb5873511e014207a475e2bb4e8b2e570d655b00ac19a9a0ca0a385ee/jsonschema-4.26.0-py3-none-any.whl", hash = "sha256:d489f15263b8d200f8387e64b4c3a75f06629559fb73deb8fdfb525f2dab50ce", size = 90630, upload-time = "2026-01-07T13:41:05.306Z" },
]

[[package]]
name = "jsonschema-specifications"
version = "2025.9.1"
source = { registry = "https://pypi.org/simple" }
dependencies = [
    { name = "referencing" },
]
sdist = { url = "https://files.pythonhosted.org/packages/19/74/a633ee74eb36c44aa6d1095e7cc5569bebf04342ee146178e2d36600708b/jsonschema_specifications-2025.9.1.tar.gz", hash = "sha256:b540987f239e745613c7a9176f3edb72b832a4ac465cf02712288397832b5e8d", size = 32855, upload-time = "2025-09-08T01:34:59.186Z" }
wheels = [
    { url = "https://files.pythonhosted.org/packages/41/45/1a4ed80516f02155c51f51e8cedb3c1902296743db0bbc66608a0db2814f/jsonschema_specifications-2025.9.1-py3-none-any.whl", hash = "sha256:98802fee3a11ee76ecaca44429fda8a41bff98b00a0f2838151b113f210cc6fe", size = 18437, upload-time = "2025-09-08T01:34:57.871Z" },
]

[[package]]
name = "maturin"
version = "1.14.1"
source = { registry = "https://pypi.org/simple" }
sdist = { url = "https://files.pythonhosted.org/packages/e7/b3/addd877f871fb1860d46d3a4f206ecb10b946c85846805e6367631926fd3/maturin-1.14.1.tar.gz", hash = "sha256:9d6577a62cd08e0ceba7a0db06fb098e0c9b1b3429bad747a4f3a18215a1b3df", size = 369637, upload-time = "2026-06-19T05:19:49.774Z" }
wheels = [
    { url = "https://files.pythonhosted.org/packages/f4/f0/97c5a5bd9c71653a066c0976a484eaaae50b9369557838a4176b7b0bdaa5/maturin-1.14.1-py3-none-linux_armv6l.whl", hash = "sha256:522292398945442cdafa9daeb2271b2340fbde57027b818f923f88eab04174f8", size = 10207496, upload-time = "2026-06-19T05:19:09.321Z" },
    { url = "https://files.pythonhosted.org/packages/fe/83/294bca639b0e052f1e2f65199b3db258780c7d4e31408b934c9c974a1379/maturin-1.14.1-py3-none-macosx_10_12_x86_64.macosx_11_0_arm64.macosx_10_12_universal2.whl", hash = "sha256:ffe5ad71f21d1e6603c4dd75f7fee34adf5ed5ebcebb692886549888ebb329ed", size = 19680113, upload-time = "2026-06-19T05:19:13.43Z" },
    { url = "https://files.pythonhosted.org/packages/43/b6/79c881410a3b1c187f7eb3d407aecae646c6a4433d630d72200359015e83/maturin-1.14.1-py3-none-macosx_10_12_x86_64.whl", hash = "sha256:f3306078070c1508fd715b9116070cbcaff5959024272a9f1e6f5cb29768b86c", size = 10169205, upload-time = "2026-06-19T05:19:16.615Z" },
    { url = "https://files.pythonhosted.org/packages/93/9d/44b6f26dcb7f7a04c5501ac2dbb6ca1490150682baa525ca5860504f9eab/maturin-1.14.1-py3-none-manylinux_2_12_i686.manylinux2010_i686.musllinux_1_1_i686.whl", hash = "sha256:cd457cd88961156e26379e1155bd287cc0ec1c8b2f1582b0660fb31b87c8842d", size = 10188098, upload-time = "2026-06-19T05:19:19.736Z" },
    { url = "https://files.pythonhosted.org/packages/1a/bd/9c0d5d6983905ce2c9edaa073a7e89355a9cf7f396988e05d32f1c37785d/maturin-1.14.1-py3-none-manylinux_2_12_x86_64.manylinux2010_x86_64.musllinux_1_1_x86_64.whl", hash = "sha256:dfc54ae32e6fcb18302193ab9a30b0b25eefffba994ae13238974805533ef75e", size = 10627576, upload-time = "2026-06-19T05:19:22.713Z" },
    { url = "https://files.pythonhosted.org/packages/e5/33/b096412bd6a7cb399652b260666f901adf88a687181a6dbd6a3f89f0a94e/maturin-1.14.1-py3-none-manylinux_2_17_aarch64.manylinux2014_aarch64.musllinux_1_1_aarch64.whl", hash = "sha256:a131d912b5267e640bc96d70f4914e10590aed64082ec9abacba7cea52004224", size = 10085181, upload-time = "2026-06-19T05:19:25.69Z" },
    { url = "https://files.pythonhosted.org/packages/56/8d/08c3bf469c38a23c9e6c877e338193001eb604d010fedc08341974e38528/maturin-1.14.1-py3-none-manylinux_2_17_armv7l.manylinux2014_armv7l.musllinux_1_1_armv7l.whl", hash = "sha256:be18fc568fb76884c0205456336892a75105ec398e6b667cd777c6268bd06d69", size = 10026363, upload-time = "2026-06-19T05:19:28.904Z" },
    { url = "https://files.pythonhosted.org/packages/3a/a4/c4d1a92839f8745ab4aab988a7db884a79d6d710bd3b286fcf9316dece1a/maturin-1.14.1-py3-none-manylinux_2_17_ppc64le.manylinux2014_ppc64le.musllinux_1_1_ppc64le.whl", hash = "sha256:994a0c8ba3ad8a92b3a9ee1b02645d200d610216b15cff5102b0fe65e8e08666", size = 13321347, upload-time = "2026-06-19T05:19:32.411Z" },
    { url = "https://files.pythonhosted.org/packages/b3/fa/170f04624d03fd07d2a8b1b67de83a127af93aef9eaa425839553347297b/maturin-1.14.1-py3-none-manylinux_2_17_s390x.manylinux2014_s390x.whl", hash = "sha256:be80866363e605d137991b491a741a84cde9ae350183c4c85f49690ca9aaaa65", size = 10877609, upload-time = "2026-06-19T05:19:35.448Z" },
    { url = "https://files.pythonhosted.org/packages/61/ad/1ae2e1d0ded282bf2c55ac13f0811d87deb425e200ae64a15785675dede9/maturin-1.14.1-py3-none-manylinux_2_31_riscv64.musllinux_1_1_riscv64.whl", hash = "sha256:5282dffd4b539d2be245f4e5b1a5ab6bc1033b58f4a4872f5833f9d43c954aa4", size = 10417316, upload-time = "2026-06-19T05:19:38.28Z" },
    { url = "https://files.pythonhosted.org/packages/fb/27/bf677183920718da49cd7982d6a3ffc440aad8919329f571d189f81b7bdf/maturin-1.14.1-py3-none-win32.whl", hash = "sha256:1a04de0a20188f95c721b5702eed18140bdcccb28c386797093eca3f62f4d4e0", size = 8931293, upload-time = "2026-06-19T05:19:41.183Z" },
    { url = "https://files.pythonhosted.org/packages/63/4b/585adeb9167b08d3cdff0032a938b0e72655c92003df4f52c3f696a1bcc2/maturin-1.14.1-py3-none-win_amd64.whl", hash = "sha256:3c9f94640ecc4895e94abaf834a0684430032c865b2748a36c12461fd9252fdd", size = 10314067, upload-time = "2026-06-19T05:19:44.389Z" },
    { url = "https://files.pythonhosted.org/packages/51/d4/dac8c0720ae246be1700afb6fbdbbea20fe35b13f6570b2f70faa005df77/maturin-1.14.1-py3-none-win_arm64.whl", hash = "sha256:15cea8fcb3ba47dd636f50092bb34baea8b04ac777392f23e6bf8a9a61efb894", size = 9718943, upload-time = "2026-06-19T05:19:47.49Z" },
]

[[package]]
name = "ml-dtypes"
version = "0.5.4"
source = { registry = "https://pypi.org/simple" }
dependencies = [
    { name = "numpy" },
]
sdist = { url = "https://files.pythonhosted.org/packages/0e/4a/c27b42ed9b1c7d13d9ba8b6905dece787d6259152f2309338aed29b2447b/ml_dtypes-0.5.4.tar.gz", hash = "sha256:8ab06a50fb9bf9666dd0fe5dfb4676fa2b0ac0f31ecff72a6c3af8e22c063453", size = 692314, upload-time = "2025-11-17T22:32:31.031Z" }
wheels = [
    { url = "https://files.pythonhosted.org/packages/a8/b8/3c70881695e056f8a32f8b941126cf78775d9a4d7feba8abcb52cb7b04f2/ml_dtypes-0.5.4-cp312-cp312-macosx_10_13_universal2.whl", hash = "sha256:a174837a64f5b16cab6f368171a1a03a27936b31699d167684073ff1c4237dac", size = 676927, upload-time = "2025-11-17T22:31:48.182Z" },
    { url = "https://files.pythonhosted.org/packages/54/0f/428ef6881782e5ebb7eca459689448c0394fa0a80bea3aa9262cba5445ea/ml_dtypes-0.5.4-cp312-cp312-manylinux_2_27_aarch64.manylinux_2_28_aarch64.whl", hash = "sha256:a7f7c643e8b1320fd958bf098aa7ecf70623a42ec5154e3be3be673f4c34d900", size = 5028464, upload-time = "2025-11-17T22:31:50.135Z" },
    { url = "https://files.pythonhosted.org/packages/3a/cb/28ce52eb94390dda42599c98ea0204d74799e4d8047a0eb559b6fd648056/ml_dtypes-0.5.4-cp312-cp312-manylinux_2_27_x86_64.manylinux_2_28_x86_64.whl", hash = "sha256:9ad459e99793fa6e13bd5b7e6792c8f9190b4e5a1b45c63aba14a4d0a7f1d5ff", size = 5009002, upload-time = "2025-11-17T22:31:52.001Z" },
    { url = "https://files.pythonhosted.org/packages/f5/f0/0cfadd537c5470378b1b32bd859cf2824972174b51b873c9d95cfd7475a5/ml_dtypes-0.5.4-cp312-cp312-win_amd64.whl", hash = "sha256:c1a953995cccb9e25a4ae19e34316671e4e2edaebe4cf538229b1fc7109087b7", size = 212222, upload-time = "2025-11-17T22:31:53.742Z" },
    { url = "https://files.pythonhosted.org/packages/16/2e/9acc86985bfad8f2c2d30291b27cd2bb4c74cea08695bd540906ed744249/ml_dtypes-0.5.4-cp312-cp312-win_arm64.whl", hash = "sha256:9bad06436568442575beb2d03389aa7456c690a5b05892c471215bfd8cf39460", size = 160793, upload-time = "2025-11-17T22:31:55.358Z" },
]

[[package]]
name = "numpy"
version = "2.5.2"
source = { registry = "https://pypi.org/simple" }
sdist = { url = "https://files.pythonhosted.org/packages/9a/80/db0b4559e57ec36362bedbb05530a87fafbcb6067708c946967a41d449e7/numpy-2.5.2.tar.gz", hash = "sha256:d482d171c406ae88c5b19cad3b6a1c4c5209f886ab74bc44c2c865c23f52d860", size = 20773161, upload-time = "2026-08-09T13:48:27.962Z" }
wheels = [
    { url = "https://files.pythonhosted.org/packages/69/72/dccb0aaf40972777283303919f613964227266d0c13adebb79ac124f1c3e/numpy-2.5.2-cp312-cp312-macosx_10_13_x86_64.whl", hash = "sha256:14e373cfc6387177e8409dac3c7159be8eb05cd77096cd7c950268b86f62831c", size = 16891693, upload-time = "2026-08-09T13:44:51.702Z" },
    { url = "https://files.pythonhosted.org/packages/60/2e/b5aee50a1f74ac815cf8331812cb8251e29024025de462e0c047641c614c/numpy-2.5.2-cp312-cp312-macosx_11_0_arm64.whl", hash = "sha256:4bbd96c833ecc8cc069ce518078fc8c60cb9cbfb0fea5b7a803ad65035596d03", size = 11903109, upload-time = "2026-08-09T13:44:55.501Z" },
    { url = "https://files.pythonhosted.org/packages/f3/f4/29e78102a80601cf034d4e9767022cffeca2c3b4c926e1754572ca95593d/numpy-2.5.2-cp312-cp312-macosx_14_0_arm64.whl", hash = "sha256:6e8172ddfcf5cf74b811d372b570b83c60bd2de87a6fbfbebdadb4a9bd9c6cbb", size = 5350202, upload-time = "2026-08-09T13:44:58.401Z" },
    { url = "https://files.pythonhosted.org/packages/11/4b/dcd3b7eadaf4035d2c7a4289d232523a6964f602598ef7674e4bd7291f93/numpy-2.5.2-cp312-cp312-macosx_14_0_x86_64.whl", hash = "sha256:65f188481f1669e26f62b701e8205d19e460fa4a9b52a1414ba382330e4a3414", size = 6687736, upload-time = "2026-08-09T13:45:00.813Z" },
    { url = "https://files.pythonhosted.org/packages/e5/21/4947e0e9d6c9fc2e2ff15b8949049ee44f63adb9cacc729ab8793f97e712/numpy-2.5.2-cp312-cp312-manylinux_2_27_aarch64.manylinux_2_28_aarch64.whl", hash = "sha256:8ee9c4eeb8454b3660a8b53493563c3e121c2fc94fbd72b848ef814ed7b676a9", size = 15612696, upload-time = "2026-08-09T13:45:04.151Z" },
    { url = "https://files.pythonhosted.org/packages/3a/5f/62d28cf019460c7f1394105b4d49d9911a9c444cb77ab0bd95a204c5a6de/numpy-2.5.2-cp312-cp312-manylinux_2_27_x86_64.manylinux_2_28_x86_64.whl", hash = "sha256:3cdec01fa790a186d430433fdd4d4ffb70eed6f0eeb4bf05c8dbe2dce0a9bcb8", size = 16722264, upload-time = "2026-08-09T13:45:07.714Z" },
    { url = "https://files.pythonhosted.org/packages/14/25/3f0be4c1b9fdf5dd5e708a6806978564d7c46a055c000496309ff2a2f8af/numpy-2.5.2-cp312-cp312-musllinux_1_2_aarch64.whl", hash = "sha256:7999d4ddb0c4025018373fd787510d46e04c769467af22869707b3c1cfd459ab", size = 16974396, upload-time = "2026-08-09T13:45:11.316Z" },
    { url = "https://files.pythonhosted.org/packages/22/72/6262cbdeeb45da9d971e40715f579d791603ba8ec0b5e2db1ac55454421d/numpy-2.5.2-cp312-cp312-musllinux_1_2_x86_64.whl", hash = "sha256:c1f017dc0875c9209d219f97feceb7d54c2661bb243deb4114478e1295808af7", size = 18476044, upload-time = "2026-08-09T13:45:14.869Z" },
    { url = "https://files.pythonhosted.org/packages/36/33/29208b8b075bde62d26a81d14b358c42b0f69b6cabd98d4ff97f37f22b05/numpy-2.5.2-cp312-cp312-win32.whl", hash = "sha256:d6a48072864e3324e194a8fbb3c657bcc5b5c869dbc64c9537b1d5c862572c0a", size = 6072817, upload-time = "2026-08-09T13:45:17.867Z" },
    { url = "https://files.pythonhosted.org/packages/7f/b9/87fea2769fe1c47c1b5b01d8310772c9d1a85d485de7cf386ef7a3332b02/numpy-2.5.2-cp312-cp312-win_amd64.whl", hash = "sha256:28ac63476ec7651484215ee7fa15a1f78b57c14621f01e392afe17b9a1390ce4", size = 12464674, upload-time = "2026-08-09T13:45:20.734Z" },
    { url = "https://files.pythonhosted.org/packages/14/52/032b97e00461ab0809bbe4c588b035620e5a14b8cdee47ecddefc7b17d33/numpy-2.5.2-cp312-cp312-win_arm64.whl", hash = "sha256:27650bb0e7140fa3d37b9923b4803645e0b125d190f326eecfd3f4dad8e8ade1", size = 10397131, upload-time = "2026-08-09T13:45:23.73Z" },
]

[[package]]
name = "opt-einsum"
version = "3.4.0"
source = { registry = "https://pypi.org/simple" }
sdist = { url = "https://files.pythonhosted.org/packages/8c/b9/2ac072041e899a52f20cf9510850ff58295003aa75525e58343591b0cbfb/opt_einsum-3.4.0.tar.gz", hash = "sha256:96ca72f1b886d148241348783498194c577fa30a8faac108586b14f1ba4473ac", size = 63004, upload-time = "2024-09-26T14:33:24.483Z" }
wheels = [
    { url = "https://files.pythonhosted.org/packages/23/cd/066e86230ae37ed0be70aae89aabf03ca8d9f39c8aea0dec8029455b5540/opt_einsum-3.4.0-py3-none-any.whl", hash = "sha256:69bb92469f86a1565195ece4ac0323943e83477171b91d24c35afe028a90d7cd", size = 71932, upload-time = "2024-09-26T14:33:23.039Z" },
]

[[package]]
name = "optax"
version = "0.2.8"
source = { registry = "https://pypi.org/simple" }
dependencies = [
    { name = "absl-py" },
    { name = "jax" },
    { name = "jaxlib" },
    { name = "numpy" },
]
sdist = { url = "https://files.pythonhosted.org/packages/8c/f9/e3d11ae6f298ee941a0690e353a323d158ba5dedc436e75621c310845c5c/optax-0.2.8.tar.gz", hash = "sha256:5b225b35066fc3eebaa4d798f1b4173b4d57d1a480610908981f8343b50af0b0", size = 301193, upload-time = "2026-03-20T23:30:05.465Z" }
wheels = [
    { url = "https://files.pythonhosted.org/packages/8a/69/6a93d8600c339d7687a05857c7907bd4dd8cf88691a5ea106d7a50af90a1/optax-0.2.8-py3-none-any.whl", hash = "sha256:e3ca2d36c99daab1800ae9dbc0545034382d6bc780b24d969e1b0df65fa31cb4", size = 402960, upload-time = "2026-03-20T23:30:03.886Z" },
]

[[package]]
name = "packaging"
version = "26.3"
source = { registry = "https://pypi.org/simple" }
sdist = { url = "https://files.pythonhosted.org/packages/7d/fa/3944b40b07da9ce895c0e6303a5ab7d53da063554f534556b134a54d6093/packaging-26.3.tar.gz", hash = "sha256:94edc256424af38762eb31306eed28beb9f0efc50a8837492c9d6fd6004aed79", size = 313412, upload-time = "2026-08-04T18:15:28.737Z" }
wheels = [
    { url = "https://files.pythonhosted.org/packages/63/34/ba1c580383c9eada3711951fef0795c80b829a078d72188184bcab9dd527/packaging-26.3-py3-none-any.whl", hash = "sha256:d7193f7c8e4e93f444fde0262bf90af30e16fa0ad0ad44cb553c87339b23cd1c", size = 129956, upload-time = "2026-08-04T18:15:27.159Z" },
]

[[package]]
name = "pluggy"
version = "1.6.0"
source = { registry = "https://pypi.org/simple" }
sdist = { url = "https://files.pythonhosted.org/packages/f9/e2/3e91f31a7d2b083fe6ef3fa267035b518369d9511ffab804f839851d2779/pluggy-1.6.0.tar.gz", hash = "sha256:7dcc130b76258d33b90f61b658791dede3486c3e6bfb003ee5c9bfb396dd22f3", size = 69412, upload-time = "2025-05-15T12:30:07.975Z" }
wheels = [
    { url = "https://files.pythonhosted.org/packages/54/20/4d324d65cc6d9205fabedc306948156824eb9f0ee1633355a8f7ec5c66bf/pluggy-1.6.0-py3-none-any.whl", hash = "sha256:e920276dd6813095e9377c0bc5566d94c932c33b27a3e3945d8389c374dd4746", size = 20538, upload-time = "2025-05-15T12:30:06.134Z" },
]

[[package]]
name = "pygments"
version = "2.20.0"
source = { registry = "https://pypi.org/simple" }
sdist = { url = "https://files.pythonhosted.org/packages/c3/b2/bc9c9196916376152d655522fdcebac55e66de6603a76a02bca1b6414f6c/pygments-2.20.0.tar.gz", hash = "sha256:6757cd03768053ff99f3039c1a36d6c0aa0b263438fcab17520b30a303a82b5f", size = 4955991, upload-time = "2026-03-29T13:29:33.898Z" }
wheels = [
    { url = "https://files.pythonhosted.org/packages/f4/7e/a72dd26f3b0f4f2bf1dd8923c85f7ceb43172af56d63c7383eb62b332364/pygments-2.20.0-py3-none-any.whl", hash = "sha256:81a9e26dd42fd28a23a2d169d86d7ac03b46e2f8b59ed4698fb4785f946d0176", size = 1231151, upload-time = "2026-03-29T13:29:30.038Z" },
]

[[package]]
name = "pytest"
version = "9.1.1"
source = { registry = "https://pypi.org/simple" }
dependencies = [
    { name = "colorama", marker = "sys_platform == 'win32'" },
    { name = "iniconfig" },
    { name = "packaging" },
    { name = "pluggy" },
    { name = "pygments" },
]
sdist = { url = "https://files.pythonhosted.org/packages/e4/47/b9efed96c114afcfa3c9d3fe98a76a1d14c74a9e266d397cf6eb64be5e01/pytest-9.1.1.tar.gz", hash = "sha256:1088fbde8f2b49d95a549a195707afa7a76a3ce9bcadc26b6d71f0ffda5fe313", size = 1636369, upload-time = "2026-06-19T10:58:32.857Z" }
wheels = [
    { url = "https://files.pythonhosted.org/packages/24/25/1de2678b631f5a49215c6c96fff41ba892b0a34df68d6d80292b1b48aa7f/pytest-9.1.1-py3-none-any.whl", hash = "sha256:37a86b45efb9a47a61a36449063e8e18d0cab3161329fc099eb21783169c4f0c", size = 386536, upload-time = "2026-06-19T10:58:31.347Z" },
]

[[package]]
name = "pytest-cov"
version = "6.3.0"
source = { registry = "https://pypi.org/simple" }
dependencies = [
    { name = "coverage" },
    { name = "pluggy" },
    { name = "pytest" },
]
sdist = { url = "https://files.pythonhosted.org/packages/30/4c/f883ab8f0daad69f47efdf95f55a66b51a8b939c430dadce0611508d9e99/pytest_cov-6.3.0.tar.gz", hash = "sha256:35c580e7800f87ce892e687461166e1ac2bcb8fb9e13aea79032518d6e503ff2", size = 70398, upload-time = "2025-09-06T15:40:14.361Z" }
wheels = [
    { url = "https://files.pythonhosted.org/packages/80/b4/bb7263e12aade3842b938bc5c6958cae79c5ee18992f9b9349019579da0f/pytest_cov-6.3.0-py3-none-any.whl", hash = "sha256:440db28156d2468cafc0415b4f8e50856a0d11faefa38f30906048fe490f1749", size = 25115, upload-time = "2025-09-06T15:40:12.44Z" },
]

[[package]]
name = "referencing"
version = "0.37.0"
source = { registry = "https://pypi.org/simple" }
dependencies = [
    { name = "attrs" },
    { name = "rpds-py" },
    { name = "typing-extensions" },
]
sdist = { url = "https://files.pythonhosted.org/packages/22/f5/df4e9027acead3ecc63e50fe1e36aca1523e1719559c499951bb4b53188f/referencing-0.37.0.tar.gz", hash = "sha256:44aefc3142c5b842538163acb373e24cce6632bd54bdb01b21ad5863489f50d8", size = 78036, upload-time = "2025-10-13T15:30:48.871Z" }
wheels = [
    { url = "https://files.pythonhosted.org/packages/2c/58/ca301544e1fa93ed4f80d724bf5b194f6e4b945841c5bfd555878eea9fcb/referencing-0.37.0-py3-none-any.whl", hash = "sha256:381329a9f99628c9069361716891d34ad94af76e461dcb0335825aecc7692231", size = 26766, upload-time = "2025-10-13T15:30:47.625Z" },
]

[[package]]
name = "rpds-py"
version = "2026.6.3"
source = { registry = "https://pypi.org/simple" }
sdist = { url = "https://files.pythonhosted.org/packages/aa/2a/9618a122aeb2a169a28b03889a2995fe297588964333d4a7d67bdf46e147/rpds_py-2026.6.3.tar.gz", hash = "sha256:1cebd1337c242e4ec2293e541f712b2da849b29f48f0c293684b71c0632625d4", size = 64051, upload-time = "2026-06-30T07:17:53.009Z" }
wheels = [
    { url = "https://files.pythonhosted.org/packages/5c/be/2e8974163072e7bab7df1a5acd54c4498e75e35d6d18b864d3a9d5dadc92/rpds_py-2026.6.3-cp312-cp312-macosx_10_12_x86_64.whl", hash = "sha256:a0811d33247c3d6128a3001d763f2aa056bb3425204335400ac54f89eec3a0d0", size = 343691, upload-time = "2026-06-30T07:15:14.96Z" },
    { url = "https://files.pythonhosted.org/packages/a4/73/319dfa745dd668efe89309141ded489126461fcecd2b8f3a3cda185129b6/rpds_py-2026.6.3-cp312-cp312-macosx_11_0_arm64.whl", hash = "sha256:538949e262e46caa31ac01bdb3c1e8f642622922cacbabbae6a8445d9dc33eaf", size = 338542, upload-time = "2026-06-30T07:15:16.267Z" },
    { url = "https://files.pythonhosted.org/packages/21/63/4239893be1c4d09b709b1a8f6be4188f0870084ff547f46606b8a75f1b03/rpds_py-2026.6.3-cp312-cp312-manylinux_2_17_aarch64.manylinux2014_aarch64.whl", hash = "sha256:55927d532399c2c646100ff7feb48eaa940ad70f42cd68e1328f3ded9f81ca24", size = 368180, upload-time = "2026-06-30T07:15:17.62Z" },
    { url = "https://files.pythonhosted.org/packages/1c/ca/9c5de382225234ceb37b1844ebdb140db12b2a278bb9efe2fcd19f6c82ce/rpds_py-2026.6.3-cp312-cp312-manylinux_2_17_armv7l.manylinux2014_armv7l.whl", hash = "sha256:f56f1695bc5c0871cbc33dc0130fcf503aab0c57dcc5a6700a4f49eba4f2652e", size = 375067, upload-time = "2026-06-30T07:15:18.952Z" },
    { url = "https://files.pythonhosted.org/packages/87/dc/863f69d1bf04ade34b7fe0d59b9fdf6f0135fe2d7cbca74f1d665589559d/rpds_py-2026.6.3-cp312-cp312-manylinux_2_17_ppc64le.manylinux2014_ppc64le.whl", hash = "sha256:270b293dae9058fc9fcedab50f13cebf46fb8ed1d1d54e0521a9da5d6b211975", size = 490509, upload-time = "2026-06-30T07:15:20.434Z" },
    { url = "https://files.pythonhosted.org/packages/ce/ef/eac16a12048b45ec7c7fa94f2be3438a5f26bf9cc8580b18a1cfd609b7f6/rpds_py-2026.6.3-cp312-cp312-manylinux_2_17_s390x.manylinux2014_s390x.whl", hash = "sha256:127565fead0a10943b282957bd5447804ff3160ad79f2ad2635e6d249e380680", size = 382754, upload-time = "2026-06-30T07:15:21.831Z" },
    { url = "https://files.pythonhosted.org/packages/04/8f/d2f3f532616be4d06c316ef119683e832bd3d41e112bf3a88f4151c95b17/rpds_py-2026.6.3-cp312-cp312-manylinux_2_17_x86_64.manylinux2014_x86_64.whl", hash = "sha256:ecabd69db66de867690f9797f2f8fa27ba501bbc24540cbdbdc649cd15888ba6", size = 366189, upload-time = "2026-06-30T07:15:23.371Z" },
    { url = "https://files.pythonhosted.org/packages/e3/29/41a7b0e98a4b44cd676ab7598419623373eb43b20be68c084935c1a8cf88/rpds_py-2026.6.3-cp312-cp312-manylinux_2_31_riscv64.whl", hash = "sha256:58eadac9cd119677b60e1cf8ac4052f35949d71b8a9e5556efccbe82533cf22a", size = 377750, upload-time = "2026-06-30T07:15:24.659Z" },
    { url = "https://files.pythonhosted.org/packages/2e/05/ecda0bec46f9a1565090bcdc941d023f6a25aff85fda28f89f8d19878152/rpds_py-2026.6.3-cp312-cp312-manylinux_2_5_i686.manylinux1_i686.whl", hash = "sha256:7491ee23305ac3eb59e492b6945881f5cd77a6f731061a3f25b77fd40f9e99a4", size = 395576, upload-time = "2026-06-30T07:15:25.987Z" },
    { url = "https://files.pythonhosted.org/packages/68/a8/6ed52f03ee6cb854ce78785cc9a9a672eb880e83fd7224d471f667d151f1/rpds_py-2026.6.3-cp312-cp312-musllinux_1_2_aarch64.whl", hash = "sha256:2c99f7e8ccb3dd6e3e4bfeac657a7b208c9bac8075f4b078c02d7404c34107fa", size = 543807, upload-time = "2026-06-30T07:15:27.356Z" },
    { url = "https://files.pythonhosted.org/packages/8f/d6/156c0d3eea27ba09b92562ba2364ba124c0a061b199e17eac637cd25a5e2/rpds_py-2026.6.3-cp312-cp312-musllinux_1_2_i686.whl", hash = "sha256:62698275682bf121181861295c9181e789030a2d516071f5b8f3c23c170cd0fc", size = 611187, upload-time = "2026-06-30T07:15:28.931Z" },
    { url = "https://files.pythonhosted.org/packages/f1/31/774212ed989c62f7f310220089f9b0a3fb8f40f5443d1727abd5d9f52bc9/rpds_py-2026.6.3-cp312-cp312-musllinux_1_2_x86_64.whl", hash = "sha256:a214c993455f99a89aaeadc9b21241900037adc9d97203e374d75513c5911822", size = 573030, upload-time = "2026-06-30T07:15:30.553Z" },
    { url = "https://files.pythonhosted.org/packages/c9/50/22f73127a41f1ce4f87fe39aadfb9a126345801c274aa93ae88456249327/rpds_py-2026.6.3-cp312-cp312-win32.whl", hash = "sha256:501f9f04a588d6a09179368c57071301445191767c64e4b52a6aa9871f1ef5ed", size = 202185, upload-time = "2026-06-30T07:15:32.027Z" },
    { url = "https://files.pythonhosted.org/packages/04/3a/f0ee4d4dde9d3b69dedf1b5f74e7a40017046d55052d173e418c6a94f960/rpds_py-2026.6.3-cp312-cp312-win_amd64.whl", hash = "sha256:2c958bf94822e9290a40aaf2a822d4bc5c88099093e3948ad6c571eca9272e5f", size = 220394, upload-time = "2026-06-30T07:15:33.359Z" },
    { url = "https://files.pythonhosted.org/packages/f3/83/3382fe37f809b59f02aac04dbc4e765b480b46ee0227ed516e3bdc4d3dfc/rpds_py-2026.6.3-cp312-cp312-win_arm64.whl", hash = "sha256:22bffe6042b9bcb0822bcd1955ec00e245daf17b4344e4ed8e9551b976b63e96", size = 215753, upload-time = "2026-06-30T07:15:34.778Z" },
]

[[package]]
name = "scipy"
version = "1.18.0"
source = { registry = "https://pypi.org/simple" }
dependencies = [
    { name = "numpy" },
]
sdist = { url = "https://files.pythonhosted.org/packages/a7/25/c2700dfaf6442b4effaa91af24ebce5dc9d31bb4a69706313aae70d72cd0/scipy-1.18.0.tar.gz", hash = "sha256:67b2ad2ad54c72ca6d04975a9b2df8c3638c34ddd5b28738e94fc2b57929d378", size = 30774447, upload-time = "2026-06-19T15:01:43.456Z" }
wheels = [
    { url = "https://files.pythonhosted.org/packages/6a/19/ca10ead60b0acc80b2b833c2c4a4f2ff753d0f58b811f70d911c7e94a25c/scipy-1.18.0-cp312-cp312-macosx_10_15_x86_64.whl", hash = "sha256:7bd21faaf5a1a3b2eff922d02db5f191b99a6518db9078a8fb23169f6d22259a", size = 31056519, upload-time = "2026-06-19T14:59:45.203Z" },
    { url = "https://files.pythonhosted.org/packages/96/72/1e6442a00cd2924d361aa1b642ab6373ec35c6fabf311a760be9f76e0f13/scipy-1.18.0-cp312-cp312-macosx_12_0_arm64.whl", hash = "sha256:265915e79107de9f946b855e50d7470d5893ec3f54b342e1aa6201cbdcd8bb6b", size = 28681889, upload-time = "2026-06-19T14:59:48.103Z" },
    { url = "https://files.pythonhosted.org/packages/9b/2d/11dd93d21e147a73ba22bd75c0b9208d3a2e0ec76d53170ce7d9029b1015/scipy-1.18.0-cp312-cp312-macosx_14_0_arm64.whl", hash = "sha256:9ab7b758be6940954a713ee466e2043e9f6e2ed965c1fce5c91039f4be3d90a9", size = 20423580, upload-time = "2026-06-19T14:59:50.665Z" },
    { url = "https://files.pythonhosted.org/packages/9c/01/93552f75e0d2a7dd115a45e59209c51e8d514daff02fc887d2623be06fe1/scipy-1.18.0-cp312-cp312-macosx_14_0_x86_64.whl", hash = "sha256:97b6cddaaee0a779ef6b5ca83c9604b27cc16b2b8fc22c142652df8793319fb8", size = 23054441, upload-time = "2026-06-19T14:59:53.564Z" },
    { url = "https://files.pythonhosted.org/packages/3c/23/21f5e703643d66f21faa6b4c73195bfcad70c55efcb4f1ab327cd7c4101a/scipy-1.18.0-cp312-cp312-manylinux_2_27_aarch64.manylinux_2_28_aarch64.whl", hash = "sha256:52a96e21517c7292375c0e27dd796a811f03fcea5fd4d108fdfea8145dcf17ab", size = 33968720, upload-time = "2026-06-19T14:59:56.415Z" },
    { url = "https://files.pythonhosted.org/packages/dd/aa/1b939f6c67ed68635bb538e6752d3dacc02f66535182e939a89581a44e9c/scipy-1.18.0-cp312-cp312-manylinux_2_27_x86_64.manylinux_2_28_x86_64.whl", hash = "sha256:1f55797419e16e7f30cf88ffb3113ce0467f00cfe3f70d5c281730b21769bfc2", size = 35287115, upload-time = "2026-06-19T14:59:59.411Z" },
    { url = "https://files.pythonhosted.org/packages/b6/ff/eec46be7e9234208f801062b53e1983085eddebd693f6c9bfb03b459830d/scipy-1.18.0-cp312-cp312-musllinux_1_2_aarch64.whl", hash = "sha256:ad033410e2e0672ffdc1042110cef20e1c46f8fd0616cee1d44d8d58fad8fc11", size = 35577989, upload-time = "2026-06-19T15:00:02.235Z" },
    { url = "https://files.pythonhosted.org/packages/84/ca/210d4759c7210bb7d269437421959b39a33434e2776b60c5cb8a763bb30a/scipy-1.18.0-cp312-cp312-musllinux_1_2_x86_64.whl", hash = "sha256:4a55985d54c769c872e64b7f4c8a81cc30ef700cc04296abbbf3705439c126de", size = 37421717, upload-time = "2026-06-19T15:00:05.102Z" },
    { url = "https://files.pythonhosted.org/packages/2b/54/9a9edb45345bd6744da5ddfb6628e5d5185920494c6a67ec45b6381004cb/scipy-1.18.0-cp312-cp312-win_amd64.whl", hash = "sha256:71ccc8faa2dd16ac310233203474a8b5cb67f10dedd54a3116d34943f4b19132", size = 36597428, upload-time = "2026-06-19T15:00:08.112Z" },
    { url = "https://files.pythonhosted.org/packages/99/0e/33f32a2a58987e26aec0f7df252cbbad1e90ae77bdbc76f40dd4ed0cf0ea/scipy-1.18.0-cp312-cp312-win_arm64.whl", hash = "sha256:d88363fd9d8fbd3511bd273f1a49efb2a540773ddf92a91d57498ce7dd7f3e76", size = 24351481, upload-time = "2026-06-19T15:00:11.103Z" },
]

[[package]]
name = "typing-extensions"
version = "4.16.0"
source = { registry = "https://pypi.org/simple" }
sdist = { url = "https://files.pythonhosted.org/packages/f6/cc/6253133b5bb138fc3306cebfbda2c520f545d36b5be2c7255cc528bb45d6/typing_extensions-4.16.0.tar.gz", hash = "sha256:dc983d19a509c94dba722ee6abd33940f7c05a89e243c47e907eb4db6f1a43e5", size = 113555, upload-time = "2026-07-02T08:40:05.92Z" }
wheels = [
    { url = "https://files.pythonhosted.org/packages/49/d3/b8441a820a491ddfc024b0b0cf0393375b75ea13866d9c66727e54c2fc80/typing_extensions-4.16.0-py3-none-any.whl", hash = "sha256:481caa481374e813c1b176ada14e97f1f67a4539ce9cfeb3f350d78d6370c2e8", size = 45571, upload-time = "2026-07-02T08:40:04.659Z" },
]
